// !$*UTF8*$!
{
	archiveVersion = 1;
	classes = {
	};
	objectVersion = 46;
	objects = {

/* Begin PBXBuildFile section */
		CC00BADB1BEBEB9700A13CA7 /* StudentHomeViewController.m in Sources */ = {isa = PBXBuildFile; fileRef = CC00BADA1BEBEB9700A13CA7 /* StudentHomeViewController.m */; };
		CC00BADF1BEBEBAC00A13CA7 /* ParentHomeViewController.m in Sources */ = {isa = PBXBuildFile; fileRef = CC00BADE1BEBEBAC00A13CA7 /* ParentHomeViewController.m */; };
		CC00BAE31BEBEFD800A13CA7 /* ChooseRoleViewController.m in Sources */ = {isa = PBXBuildFile; fileRef = CC00BAE21BEBEFD800A13CA7 /* ChooseRoleViewController.m */; };
		CC00BAE51BEBF79900A13CA7 /* DBKeys.h in Sources */ = {isa = PBXBuildFile; fileRef = CC00BAE41BEBF79900A13CA7 /* DBKeys.h */; };
		CC00BAEA1BEBFB7700A13CA7 /* blurryClassroom.jpg in Resources */ = {isa = PBXBuildFile; fileRef = CC00BAE91BEBFB7700A13CA7 /* blurryClassroom.jpg */; };
		CC34F2301BFCF5A700826D90 /* SingleRewardViewController.m in Sources */ = {isa = PBXBuildFile; fileRef = CC34F22F1BFCF5A700826D90 /* SingleRewardViewController.m */; };
		CC53C9921C03826B002FF627 /* StudentListTableViewController.m in Sources */ = {isa = PBXBuildFile; fileRef = CC53C9911C03826B002FF627 /* StudentListTableViewController.m */; };
		CC53C9951C038311002FF627 /* StudentTableViewCell.m in Sources */ = {isa = PBXBuildFile; fileRef = CC53C9941C038311002FF627 /* StudentTableViewCell.m */; };
		CC53C9971C03847B002FF627 /* grayArrow.png in Resources */ = {isa = PBXBuildFile; fileRef = CC53C9961C03847B002FF627 /* grayArrow.png */; };
		CC53C9991C038BF1002FF627 /* noProfPic.png in Resources */ = {isa = PBXBuildFile; fileRef = CC53C9981C038BF1002FF627 /* noProfPic.png */; };
		CC5D03B11BFF20AE00769C85 /* greenRing.png in Resources */ = {isa = PBXBuildFile; fileRef = CC5D03B01BFF20AE00769C85 /* greenRing.png */; };
		CC5F94C51BE74D65007353F7 /* main.m in Sources */ = {isa = PBXBuildFile; fileRef = CC5F94C41BE74D65007353F7 /* main.m */; };
		CC5F94C81BE74D65007353F7 /* AppDelegate.m in Sources */ = {isa = PBXBuildFile; fileRef = CC5F94C71BE74D65007353F7 /* AppDelegate.m */; };
		CC5F94CB1BE74D65007353F7 /* LoopedIn.xcdatamodeld in Sources */ = {isa = PBXBuildFile; fileRef = CC5F94C91BE74D65007353F7 /* LoopedIn.xcdatamodeld */; };
		CC5F94CE1BE74D65007353F7 /* SignUpViewController.m in Sources */ = {isa = PBXBuildFile; fileRef = CC5F94CD1BE74D65007353F7 /* SignUpViewController.m */; };
		CC5F94D11BE74D65007353F7 /* Main.storyboard in Resources */ = {isa = PBXBuildFile; fileRef = CC5F94CF1BE74D65007353F7 /* Main.storyboard */; };
		CC5F94D31BE74D65007353F7 /* Images.xcassets in Resources */ = {isa = PBXBuildFile; fileRef = CC5F94D21BE74D65007353F7 /* Images.xcassets */; };
		CC5F94D61BE74D65007353F7 /* LaunchScreen.xib in Resources */ = {isa = PBXBuildFile; fileRef = CC5F94D41BE74D65007353F7 /* LaunchScreen.xib */; };
		CC5F94E21BE74D65007353F7 /* LoopedInTests.m in Sources */ = {isa = PBXBuildFile; fileRef = CC5F94E11BE74D65007353F7 /* LoopedInTests.m */; };
		CC5F94ED1BE74D73007353F7 /* Bolts.framework in Frameworks */ = {isa = PBXBuildFile; fileRef = CC5F94EB1BE74D73007353F7 /* Bolts.framework */; };
		CC5F94EE1BE74D73007353F7 /* Parse.framework in Frameworks */ = {isa = PBXBuildFile; fileRef = CC5F94EC1BE74D73007353F7 /* Parse.framework */; };
		CC5F94F11BE74DEE007353F7 /* AudioToolbox.framework in Frameworks */ = {isa = PBXBuildFile; fileRef = CC5F94F01BE74DEE007353F7 /* AudioToolbox.framework */; };
		CC5F94F31BE74DF2007353F7 /* CFNetwork.framework in Frameworks */ = {isa = PBXBuildFile; fileRef = CC5F94F21BE74DF2007353F7 /* CFNetwork.framework */; };
		CC5F94F51BE74DF8007353F7 /* CoreGraphics.framework in Frameworks */ = {isa = PBXBuildFile; fileRef = CC5F94F41BE74DF8007353F7 /* CoreGraphics.framework */; };
		CC5F94F71BE74DFF007353F7 /* CoreLocation.framework in Frameworks */ = {isa = PBXBuildFile; fileRef = CC5F94F61BE74DFF007353F7 /* CoreLocation.framework */; };
		CC5F94F91BE74E04007353F7 /* QuartzCore.framework in Frameworks */ = {isa = PBXBuildFile; fileRef = CC5F94F81BE74E04007353F7 /* QuartzCore.framework */; };
		CC5F94FB1BE74E0A007353F7 /* Security.framework in Frameworks */ = {isa = PBXBuildFile; fileRef = CC5F94FA1BE74E0A007353F7 /* Security.framework */; };
		CC5F94FD1BE74E0F007353F7 /* StoreKit.framework in Frameworks */ = {isa = PBXBuildFile; fileRef = CC5F94FC1BE74E0F007353F7 /* StoreKit.framework */; };
		CC5F94FF1BE74E14007353F7 /* SystemConfiguration.framework in Frameworks */ = {isa = PBXBuildFile; fileRef = CC5F94FE1BE74E14007353F7 /* SystemConfiguration.framework */; };
		CC5F95011BE74E19007353F7 /* libz.1.2.5.dylib in Frameworks */ = {isa = PBXBuildFile; fileRef = CC5F95001BE74E19007353F7 /* libz.1.2.5.dylib */; };
		CC5F95031BE74E1F007353F7 /* libsqlite3.dylib in Frameworks */ = {isa = PBXBuildFile; fileRef = CC5F95021BE74E1F007353F7 /* libsqlite3.dylib */; };
		CC5F95051BE74E27007353F7 /* Accounts.framework in Frameworks */ = {isa = PBXBuildFile; fileRef = CC5F95041BE74E27007353F7 /* Accounts.framework */; };
		CC5F95071BE74E2B007353F7 /* Social.framework in Frameworks */ = {isa = PBXBuildFile; fileRef = CC5F95061BE74E2B007353F7 /* Social.framework */; };
		CC63E6C31BF17D3F0083736D /* backButton.png in Resources */ = {isa = PBXBuildFile; fileRef = CC63E6C21BF17D3F0083736D /* backButton.png */; };
		CC66D17E1C0247D90026FA26 /* TextFieldPopUp.m in Sources */ = {isa = PBXBuildFile; fileRef = CC66D17D1C0247D90026FA26 /* TextFieldPopUp.m */; };
		CC66D1821C028AD50026FA26 /* rachel.jpeg in Resources */ = {isa = PBXBuildFile; fileRef = CC66D1811C028AD50026FA26 /* rachel.jpeg */; };
		CC66D1841C02942F0026FA26 /* changeProfPic.png in Resources */ = {isa = PBXBuildFile; fileRef = CC66D1831C02942F0026FA26 /* changeProfPic.png */; };
		CC66D1861C0298030026FA26 /* addProfPic.png in Resources */ = {isa = PBXBuildFile; fileRef = CC66D1851C0298030026FA26 /* addProfPic.png */; };
		CC66D18D1C02E5430026FA26 /* checkBullitenBoard.png in Resources */ = {isa = PBXBuildFile; fileRef = CC66D18C1C02E5430026FA26 /* checkBullitenBoard.png */; };
		CC722A9D1BEBD7F20021D994 /* LogInViewController.m in Sources */ = {isa = PBXBuildFile; fileRef = CC722A9C1BEBD7F20021D994 /* LogInViewController.m */; };
		CC75E5831BF1D47D005976E2 /* settings.png in Resources */ = {isa = PBXBuildFile; fileRef = CC75E5821BF1D47D005976E2 /* settings.png */; };
		CC95A9A31BFBBFF800F8D882 /* StudentRewardViewController.m in Sources */ = {isa = PBXBuildFile; fileRef = CC95A9A21BFBBFF800F8D882 /* StudentRewardViewController.m */; };
		CCA205E81C0412B1007C97A3 /* TasksTableViewController.m in Sources */ = {isa = PBXBuildFile; fileRef = CCA205E71C0412B1007C97A3 /* TasksTableViewController.m */; };
		CCA205EF1C0428A0007C97A3 /* CreateTaskViewController.m in Sources */ = {isa = PBXBuildFile; fileRef = CCA205EE1C0428A0007C97A3 /* CreateTaskViewController.m */; };
		CCA205F11C042A1E007C97A3 /* gradBackground.png in Resources */ = {isa = PBXBuildFile; fileRef = CCA205F01C042A1E007C97A3 /* gradBackground.png */; };
		CCA205F41C043C3F007C97A3 /* FinishCreateTaskViewController.m in Sources */ = {isa = PBXBuildFile; fileRef = CCA205F31C043C3F007C97A3 /* FinishCreateTaskViewController.m */; };
		CCA20AFF1C05529600C0789C /* StudentTeacherViewController.m in Sources */ = {isa = PBXBuildFile; fileRef = CCA20AFE1C05529600C0789C /* StudentTeacherViewController.m */; };
		CCA20B021C0558F900C0789C /* TaskViewController.m in Sources */ = {isa = PBXBuildFile; fileRef = CCA20B011C0558F900C0789C /* TaskViewController.m */; };
		CCC46E2A1C0671080098908A /* LoadingView.m in Sources */ = {isa = PBXBuildFile; fileRef = CCC46E291C0671080098908A /* LoadingView.m */; };
		CCCE04C81BF285A200BAE3C3 /* Common.m in Sources */ = {isa = PBXBuildFile; fileRef = CCCE04C71BF285A200BAE3C3 /* Common.m */; };
		CCCE04CA1BF28AA000BAE3C3 /* placeholder.png in Resources */ = {isa = PBXBuildFile; fileRef = CCCE04C91BF28AA000BAE3C3 /* placeholder.png */; };
		CCE675461BEC329F00E7821B /* LoopedIn_Icon.jpg in Resources */ = {isa = PBXBuildFile; fileRef = CCE675451BEC329F00E7821B /* LoopedIn_Icon.jpg */; };
		CCE6754C1BEC335600E7821B /* Icon.png in Resources */ = {isa = PBXBuildFile; fileRef = CCE6754B1BEC335600E7821B /* Icon.png */; };
		CCE6754E1BEC388900E7821B /* Icon_thin.png in Resources */ = {isa = PBXBuildFile; fileRef = CCE6754D1BEC388900E7821B /* Icon_thin.png */; };
		CCEC54A41BE8488F007970FA /* TeacherHomeViewController.m in Sources */ = {isa = PBXBuildFile; fileRef = CCEC54A31BE8488F007970FA /* TeacherHomeViewController.m */; };
/* End PBXBuildFile section */

/* Begin PBXContainerItemProxy section */
		CC5F94DC1BE74D65007353F7 /* PBXContainerItemProxy */ = {
			isa = PBXContainerItemProxy;
			containerPortal = CC5F94B71BE74D65007353F7 /* Project object */;
			proxyType = 1;
			remoteGlobalIDString = CC5F94BE1BE74D65007353F7;
			remoteInfo = LoopedIn;
		};
/* End PBXContainerItemProxy section */

/* Begin PBXFileReference section */
		CC00BAD91BEBEB9700A13CA7 /* StudentHomeViewController.h */ = {isa = PBXFileReference; fileEncoding = 4; lastKnownFileType = sourcecode.c.h; path = StudentHomeViewController.h; sourceTree = "<group>"; };
		CC00BADA1BEBEB9700A13CA7 /* StudentHomeViewController.m */ = {isa = PBXFileReference; fileEncoding = 4; lastKnownFileType = sourcecode.c.objc; path = StudentHomeViewController.m; sourceTree = "<group>"; };
		CC00BADD1BEBEBAC00A13CA7 /* ParentHomeViewController.h */ = {isa = PBXFileReference; fileEncoding = 4; lastKnownFileType = sourcecode.c.h; path = ParentHomeViewController.h; sourceTree = "<group>"; };
		CC00BADE1BEBEBAC00A13CA7 /* ParentHomeViewController.m */ = {isa = PBXFileReference; fileEncoding = 4; lastKnownFileType = sourcecode.c.objc; path = ParentHomeViewController.m; sourceTree = "<group>"; };
		CC00BAE11BEBEFD800A13CA7 /* ChooseRoleViewController.h */ = {isa = PBXFileReference; fileEncoding = 4; lastKnownFileType = sourcecode.c.h; path = ChooseRoleViewController.h; sourceTree = "<group>"; };
		CC00BAE21BEBEFD800A13CA7 /* ChooseRoleViewController.m */ = {isa = PBXFileReference; fileEncoding = 4; lastKnownFileType = sourcecode.c.objc; path = ChooseRoleViewController.m; sourceTree = "<group>"; };
		CC00BAE41BEBF79900A13CA7 /* DBKeys.h */ = {isa = PBXFileReference; fileEncoding = 4; lastKnownFileType = sourcecode.c.h; path = DBKeys.h; sourceTree = "<group>"; };
		CC00BAE91BEBFB7700A13CA7 /* blurryClassroom.jpg */ = {isa = PBXFileReference; lastKnownFileType = image.jpeg; path = blurryClassroom.jpg; sourceTree = "<group>"; };
		CC34F22E1BFCF5A700826D90 /* SingleRewardViewController.h */ = {isa = PBXFileReference; fileEncoding = 4; lastKnownFileType = sourcecode.c.h; path = SingleRewardViewController.h; sourceTree = "<group>"; };
		CC34F22F1BFCF5A700826D90 /* SingleRewardViewController.m */ = {isa = PBXFileReference; fileEncoding = 4; lastKnownFileType = sourcecode.c.objc; path = SingleRewardViewController.m; sourceTree = "<group>"; };
		CC53C9901C03826B002FF627 /* StudentListTableViewController.h */ = {isa = PBXFileReference; fileEncoding = 4; lastKnownFileType = sourcecode.c.h; path = StudentListTableViewController.h; sourceTree = "<group>"; };
		CC53C9911C03826B002FF627 /* StudentListTableViewController.m */ = {isa = PBXFileReference; fileEncoding = 4; lastKnownFileType = sourcecode.c.objc; path = StudentListTableViewController.m; sourceTree = "<group>"; };
		CC53C9931C038311002FF627 /* StudentTableViewCell.h */ = {isa = PBXFileReference; fileEncoding = 4; lastKnownFileType = sourcecode.c.h; path = StudentTableViewCell.h; sourceTree = "<group>"; };
		CC53C9941C038311002FF627 /* StudentTableViewCell.m */ = {isa = PBXFileReference; fileEncoding = 4; lastKnownFileType = sourcecode.c.objc; path = StudentTableViewCell.m; sourceTree = "<group>"; };
		CC53C9961C03847B002FF627 /* grayArrow.png */ = {isa = PBXFileReference; lastKnownFileType = image.png; path = grayArrow.png; sourceTree = "<group>"; };
		CC53C9981C038BF1002FF627 /* noProfPic.png */ = {isa = PBXFileReference; lastKnownFileType = image.png; path = noProfPic.png; sourceTree = "<group>"; };
		CC5D03B01BFF20AE00769C85 /* greenRing.png */ = {isa = PBXFileReference; lastKnownFileType = image.png; path = greenRing.png; sourceTree = "<group>"; };
		CC5F94BF1BE74D65007353F7 /* LoopedIn.app */ = {isa = PBXFileReference; explicitFileType = wrapper.application; includeInIndex = 0; path = LoopedIn.app; sourceTree = BUILT_PRODUCTS_DIR; };
		CC5F94C31BE74D65007353F7 /* Info.plist */ = {isa = PBXFileReference; lastKnownFileType = text.plist.xml; path = Info.plist; sourceTree = "<group>"; };
		CC5F94C41BE74D65007353F7 /* main.m */ = {isa = PBXFileReference; lastKnownFileType = sourcecode.c.objc; path = main.m; sourceTree = "<group>"; };
		CC5F94C61BE74D65007353F7 /* AppDelegate.h */ = {isa = PBXFileReference; lastKnownFileType = sourcecode.c.h; path = AppDelegate.h; sourceTree = "<group>"; };
		CC5F94C71BE74D65007353F7 /* AppDelegate.m */ = {isa = PBXFileReference; lastKnownFileType = sourcecode.c.objc; path = AppDelegate.m; sourceTree = "<group>"; };
		CC5F94CA1BE74D65007353F7 /* LoopedIn.xcdatamodel */ = {isa = PBXFileReference; lastKnownFileType = wrapper.xcdatamodel; path = LoopedIn.xcdatamodel; sourceTree = "<group>"; };
		CC5F94CC1BE74D65007353F7 /* SignUpViewController.h */ = {isa = PBXFileReference; lastKnownFileType = sourcecode.c.h; path = SignUpViewController.h; sourceTree = "<group>"; };
		CC5F94CD1BE74D65007353F7 /* SignUpViewController.m */ = {isa = PBXFileReference; lastKnownFileType = sourcecode.c.objc; path = SignUpViewController.m; sourceTree = "<group>"; };
		CC5F94D01BE74D65007353F7 /* Base */ = {isa = PBXFileReference; lastKnownFileType = file.storyboard; name = Base; path = Base.lproj/Main.storyboard; sourceTree = "<group>"; };
		CC5F94D21BE74D65007353F7 /* Images.xcassets */ = {isa = PBXFileReference; lastKnownFileType = folder.assetcatalog; path = Images.xcassets; sourceTree = "<group>"; };
		CC5F94D51BE74D65007353F7 /* Base */ = {isa = PBXFileReference; lastKnownFileType = file.xib; name = Base; path = Base.lproj/LaunchScreen.xib; sourceTree = "<group>"; };
		CC5F94DB1BE74D65007353F7 /* LoopedInTests.xctest */ = {isa = PBXFileReference; explicitFileType = wrapper.cfbundle; includeInIndex = 0; path = LoopedInTests.xctest; sourceTree = BUILT_PRODUCTS_DIR; };
		CC5F94E01BE74D65007353F7 /* Info.plist */ = {isa = PBXFileReference; lastKnownFileType = text.plist.xml; path = Info.plist; sourceTree = "<group>"; };
		CC5F94E11BE74D65007353F7 /* LoopedInTests.m */ = {isa = PBXFileReference; lastKnownFileType = sourcecode.c.objc; path = LoopedInTests.m; sourceTree = "<group>"; };
		CC5F94EB1BE74D73007353F7 /* Bolts.framework */ = {isa = PBXFileReference; lastKnownFileType = wrapper.framework; path = Bolts.framework; sourceTree = "<group>"; };
		CC5F94EC1BE74D73007353F7 /* Parse.framework */ = {isa = PBXFileReference; lastKnownFileType = wrapper.framework; path = Parse.framework; sourceTree = "<group>"; };
		CC5F94F01BE74DEE007353F7 /* AudioToolbox.framework */ = {isa = PBXFileReference; lastKnownFileType = wrapper.framework; name = AudioToolbox.framework; path = System/Library/Frameworks/AudioToolbox.framework; sourceTree = SDKROOT; };
		CC5F94F21BE74DF2007353F7 /* CFNetwork.framework */ = {isa = PBXFileReference; lastKnownFileType = wrapper.framework; name = CFNetwork.framework; path = System/Library/Frameworks/CFNetwork.framework; sourceTree = SDKROOT; };
		CC5F94F41BE74DF8007353F7 /* CoreGraphics.framework */ = {isa = PBXFileReference; lastKnownFileType = wrapper.framework; name = CoreGraphics.framework; path = System/Library/Frameworks/CoreGraphics.framework; sourceTree = SDKROOT; };
		CC5F94F61BE74DFF007353F7 /* CoreLocation.framework */ = {isa = PBXFileReference; lastKnownFileType = wrapper.framework; name = CoreLocation.framework; path = System/Library/Frameworks/CoreLocation.framework; sourceTree = SDKROOT; };
		CC5F94F81BE74E04007353F7 /* QuartzCore.framework */ = {isa = PBXFileReference; lastKnownFileType = wrapper.framework; name = QuartzCore.framework; path = System/Library/Frameworks/QuartzCore.framework; sourceTree = SDKROOT; };
		CC5F94FA1BE74E0A007353F7 /* Security.framework */ = {isa = PBXFileReference; lastKnownFileType = wrapper.framework; name = Security.framework; path = System/Library/Frameworks/Security.framework; sourceTree = SDKROOT; };
		CC5F94FC1BE74E0F007353F7 /* StoreKit.framework */ = {isa = PBXFileReference; lastKnownFileType = wrapper.framework; name = StoreKit.framework; path = System/Library/Frameworks/StoreKit.framework; sourceTree = SDKROOT; };
		CC5F94FE1BE74E14007353F7 /* SystemConfiguration.framework */ = {isa = PBXFileReference; lastKnownFileType = wrapper.framework; name = SystemConfiguration.framework; path = System/Library/Frameworks/SystemConfiguration.framework; sourceTree = SDKROOT; };
		CC5F95001BE74E19007353F7 /* libz.1.2.5.dylib */ = {isa = PBXFileReference; lastKnownFileType = "compiled.mach-o.dylib"; name = libz.1.2.5.dylib; path = usr/lib/libz.1.2.5.dylib; sourceTree = SDKROOT; };
		CC5F95021BE74E1F007353F7 /* libsqlite3.dylib */ = {isa = PBXFileReference; lastKnownFileType = "compiled.mach-o.dylib"; name = libsqlite3.dylib; path = usr/lib/libsqlite3.dylib; sourceTree = SDKROOT; };
		CC5F95041BE74E27007353F7 /* Accounts.framework */ = {isa = PBXFileReference; lastKnownFileType = wrapper.framework; name = Accounts.framework; path = System/Library/Frameworks/Accounts.framework; sourceTree = SDKROOT; };
		CC5F95061BE74E2B007353F7 /* Social.framework */ = {isa = PBXFileReference; lastKnownFileType = wrapper.framework; name = Social.framework; path = System/Library/Frameworks/Social.framework; sourceTree = SDKROOT; };
		CC63E6C21BF17D3F0083736D /* backButton.png */ = {isa = PBXFileReference; lastKnownFileType = image.png; path = backButton.png; sourceTree = "<group>"; };
		CC66D17C1C0247D90026FA26 /* TextFieldPopUp.h */ = {isa = PBXFileReference; fileEncoding = 4; lastKnownFileType = sourcecode.c.h; path = TextFieldPopUp.h; sourceTree = "<group>"; };
		CC66D17D1C0247D90026FA26 /* TextFieldPopUp.m */ = {isa = PBXFileReference; fileEncoding = 4; lastKnownFileType = sourcecode.c.objc; path = TextFieldPopUp.m; sourceTree = "<group>"; };
		CC66D1811C028AD50026FA26 /* rachel.jpeg */ = {isa = PBXFileReference; lastKnownFileType = image.jpeg; path = rachel.jpeg; sourceTree = "<group>"; };
		CC66D1831C02942F0026FA26 /* changeProfPic.png */ = {isa = PBXFileReference; lastKnownFileType = image.png; path = changeProfPic.png; sourceTree = "<group>"; };
		CC66D1851C0298030026FA26 /* addProfPic.png */ = {isa = PBXFileReference; lastKnownFileType = image.png; path = addProfPic.png; sourceTree = "<group>"; };
		CC66D18C1C02E5430026FA26 /* checkBullitenBoard.png */ = {isa = PBXFileReference; lastKnownFileType = image.png; path = checkBullitenBoard.png; sourceTree = "<group>"; };
		CC722A9B1BEBD7F20021D994 /* LogInViewController.h */ = {isa = PBXFileReference; fileEncoding = 4; lastKnownFileType = sourcecode.c.h; path = LogInViewController.h; sourceTree = "<group>"; };
		CC722A9C1BEBD7F20021D994 /* LogInViewController.m */ = {isa = PBXFileReference; fileEncoding = 4; lastKnownFileType = sourcecode.c.objc; path = LogInViewController.m; sourceTree = "<group>"; };
		CC75E5821BF1D47D005976E2 /* settings.png */ = {isa = PBXFileReference; lastKnownFileType = image.png; path = settings.png; sourceTree = "<group>"; };
		CC95A9A11BFBBFF800F8D882 /* StudentRewardViewController.h */ = {isa = PBXFileReference; fileEncoding = 4; lastKnownFileType = sourcecode.c.h; path = StudentRewardViewController.h; sourceTree = "<group>"; };
		CC95A9A21BFBBFF800F8D882 /* StudentRewardViewController.m */ = {isa = PBXFileReference; fileEncoding = 4; lastKnownFileType = sourcecode.c.objc; path = StudentRewardViewController.m; sourceTree = "<group>"; };
		CCA205E61C0412B1007C97A3 /* TasksTableViewController.h */ = {isa = PBXFileReference; fileEncoding = 4; lastKnownFileType = sourcecode.c.h; path = TasksTableViewController.h; sourceTree = "<group>"; };
		CCA205E71C0412B1007C97A3 /* TasksTableViewController.m */ = {isa = PBXFileReference; fileEncoding = 4; lastKnownFileType = sourcecode.c.objc; path = TasksTableViewController.m; sourceTree = "<group>"; };
		CCA205ED1C0428A0007C97A3 /* CreateTaskViewController.h */ = {isa = PBXFileReference; fileEncoding = 4; lastKnownFileType = sourcecode.c.h; path = CreateTaskViewController.h; sourceTree = "<group>"; };
		CCA205EE1C0428A0007C97A3 /* CreateTaskViewController.m */ = {isa = PBXFileReference; fileEncoding = 4; lastKnownFileType = sourcecode.c.objc; path = CreateTaskViewController.m; sourceTree = "<group>"; };
		CCA205F01C042A1E007C97A3 /* gradBackground.png */ = {isa = PBXFileReference; lastKnownFileType = image.png; path = gradBackground.png; sourceTree = "<group>"; };
		CCA205F21C043C3F007C97A3 /* FinishCreateTaskViewController.h */ = {isa = PBXFileReference; fileEncoding = 4; lastKnownFileType = sourcecode.c.h; path = FinishCreateTaskViewController.h; sourceTree = "<group>"; };
		CCA205F31C043C3F007C97A3 /* FinishCreateTaskViewController.m */ = {isa = PBXFileReference; fileEncoding = 4; lastKnownFileType = sourcecode.c.objc; path = FinishCreateTaskViewController.m; sourceTree = "<group>"; };
		CCA20AFD1C05529600C0789C /* StudentTeacherViewController.h */ = {isa = PBXFileReference; fileEncoding = 4; lastKnownFileType = sourcecode.c.h; path = StudentTeacherViewController.h; sourceTree = "<group>"; };
		CCA20AFE1C05529600C0789C /* StudentTeacherViewController.m */ = {isa = PBXFileReference; fileEncoding = 4; lastKnownFileType = sourcecode.c.objc; path = StudentTeacherViewController.m; sourceTree = "<group>"; };
		CCA20B001C0558F900C0789C /* TaskViewController.h */ = {isa = PBXFileReference; fileEncoding = 4; lastKnownFileType = sourcecode.c.h; path = TaskViewController.h; sourceTree = "<group>"; };
		CCA20B011C0558F900C0789C /* TaskViewController.m */ = {isa = PBXFileReference; fileEncoding = 4; lastKnownFileType = sourcecode.c.objc; path = TaskViewController.m; sourceTree = "<group>"; };
		CCC46E281C0671080098908A /* LoadingView.h */ = {isa = PBXFileReference; fileEncoding = 4; lastKnownFileType = sourcecode.c.h; path = LoadingView.h; sourceTree = "<group>"; };
		CCC46E291C0671080098908A /* LoadingView.m */ = {isa = PBXFileReference; fileEncoding = 4; lastKnownFileType = sourcecode.c.objc; path = LoadingView.m; sourceTree = "<group>"; };
		CCCE04C61BF285A200BAE3C3 /* Common.h */ = {isa = PBXFileReference; fileEncoding = 4; lastKnownFileType = sourcecode.c.h; path = Common.h; sourceTree = "<group>"; };
		CCCE04C71BF285A200BAE3C3 /* Common.m */ = {isa = PBXFileReference; fileEncoding = 4; lastKnownFileType = sourcecode.c.objc; path = Common.m; sourceTree = "<group>"; };
		CCCE04C91BF28AA000BAE3C3 /* placeholder.png */ = {isa = PBXFileReference; lastKnownFileType = image.png; path = placeholder.png; sourceTree = "<group>"; };
		CCE675451BEC329F00E7821B /* LoopedIn_Icon.jpg */ = {isa = PBXFileReference; lastKnownFileType = image.jpeg; path = LoopedIn_Icon.jpg; sourceTree = "<group>"; };
		CCE6754B1BEC335600E7821B /* Icon.png */ = {isa = PBXFileReference; lastKnownFileType = image.png; path = Icon.png; sourceTree = "<group>"; };
		CCE6754D1BEC388900E7821B /* Icon_thin.png */ = {isa = PBXFileReference; lastKnownFileType = image.png; path = Icon_thin.png; sourceTree = "<group>"; };
		CCEC54A21BE8488F007970FA /* TeacherHomeViewController.h */ = {isa = PBXFileReference; fileEncoding = 4; lastKnownFileType = sourcecode.c.h; path = TeacherHomeViewController.h; sourceTree = "<group>"; };
		CCEC54A31BE8488F007970FA /* TeacherHomeViewController.m */ = {isa = PBXFileReference; fileEncoding = 4; lastKnownFileType = sourcecode.c.objc; path = TeacherHomeViewController.m; sourceTree = "<group>"; };
/* End PBXFileReference section */

/* Begin PBXFrameworksBuildPhase section */
		CC5F94BC1BE74D65007353F7 /* Frameworks */ = {
			isa = PBXFrameworksBuildPhase;
			buildActionMask = 2147483647;
			files = (
				CC5F95071BE74E2B007353F7 /* Social.framework in Frameworks */,
				CC5F95051BE74E27007353F7 /* Accounts.framework in Frameworks */,
				CC5F95031BE74E1F007353F7 /* libsqlite3.dylib in Frameworks */,
				CC5F95011BE74E19007353F7 /* libz.1.2.5.dylib in Frameworks */,
				CC5F94FF1BE74E14007353F7 /* SystemConfiguration.framework in Frameworks */,
				CC5F94FD1BE74E0F007353F7 /* StoreKit.framework in Frameworks */,
				CC5F94FB1BE74E0A007353F7 /* Security.framework in Frameworks */,
				CC5F94F91BE74E04007353F7 /* QuartzCore.framework in Frameworks */,
				CC5F94F71BE74DFF007353F7 /* CoreLocation.framework in Frameworks */,
				CC5F94F51BE74DF8007353F7 /* CoreGraphics.framework in Frameworks */,
				CC5F94F31BE74DF2007353F7 /* CFNetwork.framework in Frameworks */,
				CC5F94F11BE74DEE007353F7 /* AudioToolbox.framework in Frameworks */,
				CC5F94EE1BE74D73007353F7 /* Parse.framework in Frameworks */,
				CC5F94ED1BE74D73007353F7 /* Bolts.framework in Frameworks */,
			);
			runOnlyForDeploymentPostprocessing = 0;
		};
		CC5F94D81BE74D65007353F7 /* Frameworks */ = {
			isa = PBXFrameworksBuildPhase;
			buildActionMask = 2147483647;
			files = (
			);
			runOnlyForDeploymentPostprocessing = 0;
		};
/* End PBXFrameworksBuildPhase section */

/* Begin PBXGroup section */
		CC00BAD81BEBEA8600A13CA7 /* Teacher */ = {
			isa = PBXGroup;
			children = (
				CCA205EC1C041EC3007C97A3 /* Students */,
				CCA205EB1C041EBE007C97A3 /* Tasks */,
			);
			name = Teacher;
			sourceTree = "<group>";
		};
		CC00BADC1BEBEB9C00A13CA7 /* Student */ = {
			isa = PBXGroup;
			children = (
				CC34F2311BFCF5AC00826D90 /* Rewards */,
				CC00BAD91BEBEB9700A13CA7 /* StudentHomeViewController.h */,
				CC00BADA1BEBEB9700A13CA7 /* StudentHomeViewController.m */,
			);
			name = Student;
			sourceTree = "<group>";
		};
		CC00BAE01BEBEBBC00A13CA7 /* Parent */ = {
			isa = PBXGroup;
			children = (
				CC00BADD1BEBEBAC00A13CA7 /* ParentHomeViewController.h */,
				CC00BADE1BEBEBAC00A13CA7 /* ParentHomeViewController.m */,
			);
			name = Parent;
			sourceTree = "<group>";
		};
		CC00BAE81BEBFB6800A13CA7 /* Images */ = {
			isa = PBXGroup;
			children = (
				CCA205F01C042A1E007C97A3 /* gradBackground.png */,
				CC53C9981C038BF1002FF627 /* noProfPic.png */,
				CC66D1851C0298030026FA26 /* addProfPic.png */,
				CC66D1831C02942F0026FA26 /* changeProfPic.png */,
				CC66D18C1C02E5430026FA26 /* checkBullitenBoard.png */,
				CC66D1811C028AD50026FA26 /* rachel.jpeg */,
				CC5D03B01BFF20AE00769C85 /* greenRing.png */,
				CCCE04C91BF28AA000BAE3C3 /* placeholder.png */,
				CC75E5821BF1D47D005976E2 /* settings.png */,
				CC63E6C21BF17D3F0083736D /* backButton.png */,
				CCE6754B1BEC335600E7821B /* Icon.png */,
				CCE6754D1BEC388900E7821B /* Icon_thin.png */,
				CCE675451BEC329F00E7821B /* LoopedIn_Icon.jpg */,
				CC00BAE91BEBFB7700A13CA7 /* blurryClassroom.jpg */,
				CC53C9961C03847B002FF627 /* grayArrow.png */,
			);
			name = Images;
			sourceTree = "<group>";
		};
		CC34F2311BFCF5AC00826D90 /* Rewards */ = {
			isa = PBXGroup;
			children = (
				CC95A9A11BFBBFF800F8D882 /* StudentRewardViewController.h */,
				CC95A9A21BFBBFF800F8D882 /* StudentRewardViewController.m */,
				CC34F22E1BFCF5A700826D90 /* SingleRewardViewController.h */,
				CC34F22F1BFCF5A700826D90 /* SingleRewardViewController.m */,
			);
			name = Rewards;
			sourceTree = "<group>";
		};
		CC5F94B61BE74D65007353F7 = {
			isa = PBXGroup;
			children = (
				CCCE04C61BF285A200BAE3C3 /* Common.h */,
				CCCE04C71BF285A200BAE3C3 /* Common.m */,
				CC00BAE81BEBFB6800A13CA7 /* Images */,
				CC5F94EF1BE74D77007353F7 /* Frameworks */,
				CC5F94C11BE74D65007353F7 /* LoopedIn */,
				CC5F94DE1BE74D65007353F7 /* LoopedInTests */,
				CC5F94C01BE74D65007353F7 /* Products */,
			);
			sourceTree = "<group>";
		};
		CC5F94C01BE74D65007353F7 /* Products */ = {
			isa = PBXGroup;
			children = (
				CC5F94BF1BE74D65007353F7 /* LoopedIn.app */,
				CC5F94DB1BE74D65007353F7 /* LoopedInTests.xctest */,
			);
			name = Products;
			sourceTree = "<group>";
		};
		CC5F94C11BE74D65007353F7 /* LoopedIn */ = {
			isa = PBXGroup;
			children = (
				CC00BAE41BEBF79900A13CA7 /* DBKeys.h */,
				CC722A9E1BEBD7F60021D994 /* Log in / sign up */,
				CC00BADC1BEBEB9C00A13CA7 /* Student */,
				CC00BAD81BEBEA8600A13CA7 /* Teacher */,
				CC00BAE01BEBEBBC00A13CA7 /* Parent */,
				CC5F94C61BE74D65007353F7 /* AppDelegate.h */,
				CC5F94C71BE74D65007353F7 /* AppDelegate.m */,
				CC5F94CF1BE74D65007353F7 /* Main.storyboard */,
				CC66D17C1C0247D90026FA26 /* TextFieldPopUp.h */,
				CC66D17D1C0247D90026FA26 /* TextFieldPopUp.m */,
				CCC46E281C0671080098908A /* LoadingView.h */,
				CCC46E291C0671080098908A /* LoadingView.m */,
				CC5F94D21BE74D65007353F7 /* Images.xcassets */,
				CC5F94D41BE74D65007353F7 /* LaunchScreen.xib */,
				CC5F94C91BE74D65007353F7 /* LoopedIn.xcdatamodeld */,
				CC5F94C21BE74D65007353F7 /* Supporting Files */,
			);
			path = LoopedIn;
			sourceTree = "<group>";
		};
		CC5F94C21BE74D65007353F7 /* Supporting Files */ = {
			isa = PBXGroup;
			children = (
				CC5F94C31BE74D65007353F7 /* Info.plist */,
				CC5F94C41BE74D65007353F7 /* main.m */,
			);
			name = "Supporting Files";
			sourceTree = "<group>";
		};
		CC5F94DE1BE74D65007353F7 /* LoopedInTests */ = {
			isa = PBXGroup;
			children = (
				CC5F94E11BE74D65007353F7 /* LoopedInTests.m */,
				CC5F94DF1BE74D65007353F7 /* Supporting Files */,
			);
			path = LoopedInTests;
			sourceTree = "<group>";
		};
		CC5F94DF1BE74D65007353F7 /* Supporting Files */ = {
			isa = PBXGroup;
			children = (
				CC5F94E01BE74D65007353F7 /* Info.plist */,
			);
			name = "Supporting Files";
			sourceTree = "<group>";
		};
		CC5F94EF1BE74D77007353F7 /* Frameworks */ = {
			isa = PBXGroup;
			children = (
				CC5F95061BE74E2B007353F7 /* Social.framework */,
				CC5F95041BE74E27007353F7 /* Accounts.framework */,
				CC5F95021BE74E1F007353F7 /* libsqlite3.dylib */,
				CC5F95001BE74E19007353F7 /* libz.1.2.5.dylib */,
				CC5F94FE1BE74E14007353F7 /* SystemConfiguration.framework */,
				CC5F94FC1BE74E0F007353F7 /* StoreKit.framework */,
				CC5F94FA1BE74E0A007353F7 /* Security.framework */,
				CC5F94F81BE74E04007353F7 /* QuartzCore.framework */,
				CC5F94F61BE74DFF007353F7 /* CoreLocation.framework */,
				CC5F94F41BE74DF8007353F7 /* CoreGraphics.framework */,
				CC5F94F21BE74DF2007353F7 /* CFNetwork.framework */,
				CC5F94F01BE74DEE007353F7 /* AudioToolbox.framework */,
				CC5F94EB1BE74D73007353F7 /* Bolts.framework */,
				CC5F94EC1BE74D73007353F7 /* Parse.framework */,
			);
			name = Frameworks;
			sourceTree = "<group>";
		};
		CC722A9E1BEBD7F60021D994 /* Log in / sign up */ = {
			isa = PBXGroup;
			children = (
				CC5F94CC1BE74D65007353F7 /* SignUpViewController.h */,
				CC5F94CD1BE74D65007353F7 /* SignUpViewController.m */,
				CC722A9B1BEBD7F20021D994 /* LogInViewController.h */,
				CC722A9C1BEBD7F20021D994 /* LogInViewController.m */,
				CC00BAE11BEBEFD800A13CA7 /* ChooseRoleViewController.h */,
				CC00BAE21BEBEFD800A13CA7 /* ChooseRoleViewController.m */,
			);
			name = "Log in / sign up";
			sourceTree = "<group>";
		};
		CCA205EB1C041EBE007C97A3 /* Tasks */ = {
			isa = PBXGroup;
			children = (
				CCEC54A21BE8488F007970FA /* TeacherHomeViewController.h */,
				CCEC54A31BE8488F007970FA /* TeacherHomeViewController.m */,
				CCA205E61C0412B1007C97A3 /* TasksTableViewController.h */,
				CCA205E71C0412B1007C97A3 /* TasksTableViewController.m */,
				CCA205ED1C0428A0007C97A3 /* CreateTaskViewController.h */,
				CCA205EE1C0428A0007C97A3 /* CreateTaskViewController.m */,
				CCA205F21C043C3F007C97A3 /* FinishCreateTaskViewController.h */,
				CCA205F31C043C3F007C97A3 /* FinishCreateTaskViewController.m */,
				CCA20B001C0558F900C0789C /* TaskViewController.h */,
				CCA20B011C0558F900C0789C /* TaskViewController.m */,
			);
			name = Tasks;
			sourceTree = "<group>";
		};
		CCA205EC1C041EC3007C97A3 /* Students */ = {
			isa = PBXGroup;
			children = (
				CC53C9901C03826B002FF627 /* StudentListTableViewController.h */,
				CC53C9911C03826B002FF627 /* StudentListTableViewController.m */,
				CC53C9931C038311002FF627 /* StudentTableViewCell.h */,
				CC53C9941C038311002FF627 /* StudentTableViewCell.m */,
				CCA20AFD1C05529600C0789C /* StudentTeacherViewController.h */,
				CCA20AFE1C05529600C0789C /* StudentTeacherViewController.m */,
			);
			name = Students;
			sourceTree = "<group>";
		};
/* End PBXGroup section */

/* Begin PBXNativeTarget section */
		CC5F94BE1BE74D65007353F7 /* LoopedIn */ = {
			isa = PBXNativeTarget;
			buildConfigurationList = CC5F94E51BE74D65007353F7 /* Build configuration list for PBXNativeTarget "LoopedIn" */;
			buildPhases = (
				CC5F94BB1BE74D65007353F7 /* Sources */,
				CC5F94BC1BE74D65007353F7 /* Frameworks */,
				CC5F94BD1BE74D65007353F7 /* Resources */,
			);
			buildRules = (
			);
			dependencies = (
			);
			name = LoopedIn;
			productName = LoopedIn;
			productReference = CC5F94BF1BE74D65007353F7 /* LoopedIn.app */;
			productType = "com.apple.product-type.application";
		};
		CC5F94DA1BE74D65007353F7 /* LoopedInTests */ = {
			isa = PBXNativeTarget;
			buildConfigurationList = CC5F94E81BE74D65007353F7 /* Build configuration list for PBXNativeTarget "LoopedInTests" */;
			buildPhases = (
				CC5F94D71BE74D65007353F7 /* Sources */,
				CC5F94D81BE74D65007353F7 /* Frameworks */,
				CC5F94D91BE74D65007353F7 /* Resources */,
			);
			buildRules = (
			);
			dependencies = (
				CC5F94DD1BE74D65007353F7 /* PBXTargetDependency */,
			);
			name = LoopedInTests;
			productName = LoopedInTests;
			productReference = CC5F94DB1BE74D65007353F7 /* LoopedInTests.xctest */;
			productType = "com.apple.product-type.bundle.unit-test";
		};
/* End PBXNativeTarget section */

/* Begin PBXProject section */
		CC5F94B71BE74D65007353F7 /* Project object */ = {
			isa = PBXProject;
			attributes = {
				LastUpgradeCheck = 0630;
				ORGANIZATIONNAME = Rachel;
				TargetAttributes = {
					CC5F94BE1BE74D65007353F7 = {
						CreatedOnToolsVersion = 6.3.1;
					};
					CC5F94DA1BE74D65007353F7 = {
						CreatedOnToolsVersion = 6.3.1;
						TestTargetID = CC5F94BE1BE74D65007353F7;
					};
				};
			};
			buildConfigurationList = CC5F94BA1BE74D65007353F7 /* Build configuration list for PBXProject "LoopedIn" */;
			compatibilityVersion = "Xcode 3.2";
			developmentRegion = English;
			hasScannedForEncodings = 0;
			knownRegions = (
				en,
				Base,
			);
			mainGroup = CC5F94B61BE74D65007353F7;
			productRefGroup = CC5F94C01BE74D65007353F7 /* Products */;
			projectDirPath = "";
			projectRoot = "";
			targets = (
				CC5F94BE1BE74D65007353F7 /* LoopedIn */,
				CC5F94DA1BE74D65007353F7 /* LoopedInTests */,
			);
		};
/* End PBXProject section */

/* Begin PBXResourcesBuildPhase section */
		CC5F94BD1BE74D65007353F7 /* Resources */ = {
			isa = PBXResourcesBuildPhase;
			buildActionMask = 2147483647;
			files = (
				CCE6754C1BEC335600E7821B /* Icon.png in Resources */,
				CC5F94D11BE74D65007353F7 /* Main.storyboard in Resources */,
				CC66D1841C02942F0026FA26 /* changeProfPic.png in Resources */,
				CC00BAEA1BEBFB7700A13CA7 /* blurryClassroom.jpg in Resources */,
				CC5F94D61BE74D65007353F7 /* LaunchScreen.xib in Resources */,
				CCE6754E1BEC388900E7821B /* Icon_thin.png in Resources */,
				CC66D1861C0298030026FA26 /* addProfPic.png in Resources */,
				CC5F94D31BE74D65007353F7 /* Images.xcassets in Resources */,
				CC53C9991C038BF1002FF627 /* noProfPic.png in Resources */,
				CCCE04CA1BF28AA000BAE3C3 /* placeholder.png in Resources */,
				CC63E6C31BF17D3F0083736D /* backButton.png in Resources */,
				CC66D1821C028AD50026FA26 /* rachel.jpeg in Resources */,
				CC5D03B11BFF20AE00769C85 /* greenRing.png in Resources */,
				CCA205F11C042A1E007C97A3 /* gradBackground.png in Resources */,
				CCE675461BEC329F00E7821B /* LoopedIn_Icon.jpg in Resources */,
				CC66D18D1C02E5430026FA26 /* checkBullitenBoard.png in Resources */,
				CC53C9971C03847B002FF627 /* grayArrow.png in Resources */,
				CC75E5831BF1D47D005976E2 /* settings.png in Resources */,
			);
			runOnlyForDeploymentPostprocessing = 0;
		};
		CC5F94D91BE74D65007353F7 /* Resources */ = {
			isa = PBXResourcesBuildPhase;
			buildActionMask = 2147483647;
			files = (
			);
			runOnlyForDeploymentPostprocessing = 0;
		};
/* End PBXResourcesBuildPhase section */

/* Begin PBXSourcesBuildPhase section */
		CC5F94BB1BE74D65007353F7 /* Sources */ = {
			isa = PBXSourcesBuildPhase;
			buildActionMask = 2147483647;
			files = (
				CC66D17E1C0247D90026FA26 /* TextFieldPopUp.m in Sources */,
				CC34F2301BFCF5A700826D90 /* SingleRewardViewController.m in Sources */,
				CCCE04C81BF285A200BAE3C3 /* Common.m in Sources */,
				CC5F94C81BE74D65007353F7 /* AppDelegate.m in Sources */,
				CCA205F41C043C3F007C97A3 /* FinishCreateTaskViewController.m in Sources */,
				CC5F94C51BE74D65007353F7 /* main.m in Sources */,
				CC95A9A31BFBBFF800F8D882 /* StudentRewardViewController.m in Sources */,
				CC722A9D1BEBD7F20021D994 /* LogInViewController.m in Sources */,
				CC00BADB1BEBEB9700A13CA7 /* StudentHomeViewController.m in Sources */,
				CCEC54A41BE8488F007970FA /* TeacherHomeViewController.m in Sources */,
				CC5F94CE1BE74D65007353F7 /* SignUpViewController.m in Sources */,
				CCA20B021C0558F900C0789C /* TaskViewController.m in Sources */,
				CCA205E81C0412B1007C97A3 /* TasksTableViewController.m in Sources */,
				CC53C9921C03826B002FF627 /* StudentListTableViewController.m in Sources */,
				CC5F94CB1BE74D65007353F7 /* LoopedIn.xcdatamodeld in Sources */,
				CC00BAE51BEBF79900A13CA7 /* DBKeys.h in Sources */,
				CC00BADF1BEBEBAC00A13CA7 /* ParentHomeViewController.m in Sources */,
				CCA205EF1C0428A0007C97A3 /* CreateTaskViewController.m in Sources */,
				CCA20AFF1C05529600C0789C /* StudentTeacherViewController.m in Sources */,
				CC53C9951C038311002FF627 /* StudentTableViewCell.m in Sources */,
				CCC46E2A1C0671080098908A /* LoadingView.m in Sources */,
				CC00BAE31BEBEFD800A13CA7 /* ChooseRoleViewController.m in Sources */,
			);
			runOnlyForDeploymentPostprocessing = 0;
		};
		CC5F94D71BE74D65007353F7 /* Sources */ = {
			isa = PBXSourcesBuildPhase;
			buildActionMask = 2147483647;
			files = (
				CC5F94E21BE74D65007353F7 /* LoopedInTests.m in Sources */,
			);
			runOnlyForDeploymentPostprocessing = 0;
		};
/* End PBXSourcesBuildPhase section */

/* Begin PBXTargetDependency section */
		CC5F94DD1BE74D65007353F7 /* PBXTargetDependency */ = {
			isa = PBXTargetDependency;
			target = CC5F94BE1BE74D65007353F7 /* LoopedIn */;
			targetProxy = CC5F94DC1BE74D65007353F7 /* PBXContainerItemProxy */;
		};
/* End PBXTargetDependency section */

/* Begin PBXVariantGroup section */
		CC5F94CF1BE74D65007353F7 /* Main.storyboard */ = {
			isa = PBXVariantGroup;
			children = (
				CC5F94D01BE74D65007353F7 /* Base */,
			);
			name = Main.storyboard;
			sourceTree = "<group>";
		};
		CC5F94D41BE74D65007353F7 /* LaunchScreen.xib */ = {
			isa = PBXVariantGroup;
			children = (
				CC5F94D51BE74D65007353F7 /* Base */,
			);
			name = LaunchScreen.xib;
			sourceTree = "<group>";
		};
/* End PBXVariantGroup section */

/* Begin XCBuildConfiguration section */
		CC5F94E31BE74D65007353F7 /* Debug */ = {
			isa = XCBuildConfiguration;
			buildSettings = {
				ALWAYS_SEARCH_USER_PATHS = NO;
				CLANG_CXX_LANGUAGE_STANDARD = "gnu++0x";
				CLANG_CXX_LIBRARY = "libc++";
				CLANG_ENABLE_MODULES = YES;
				CLANG_ENABLE_OBJC_ARC = YES;
				CLANG_WARN_BOOL_CONVERSION = YES;
				CLANG_WARN_CONSTANT_CONVERSION = YES;
				CLANG_WARN_DIRECT_OBJC_ISA_USAGE = YES_ERROR;
				CLANG_WARN_EMPTY_BODY = YES;
				CLANG_WARN_ENUM_CONVERSION = YES;
				CLANG_WARN_INT_CONVERSION = YES;
				CLANG_WARN_OBJC_ROOT_CLASS = YES_ERROR;
				CLANG_WARN_UNREACHABLE_CODE = YES;
				CLANG_WARN__DUPLICATE_METHOD_MATCH = YES;
				"CODE_SIGN_IDENTITY[sdk=iphoneos*]" = "iPhone Developer";
				COPY_PHASE_STRIP = NO;
				DEBUG_INFORMATION_FORMAT = "dwarf-with-dsym";
				ENABLE_STRICT_OBJC_MSGSEND = YES;
				GCC_C_LANGUAGE_STANDARD = gnu99;
				GCC_DYNAMIC_NO_PIC = NO;
				GCC_NO_COMMON_BLOCKS = YES;
				GCC_OPTIMIZATION_LEVEL = 0;
				GCC_PREPROCESSOR_DEFINITIONS = (
					"DEBUG=1",
					"$(inherited)",
				);
				GCC_SYMBOLS_PRIVATE_EXTERN = NO;
				GCC_WARN_64_TO_32_BIT_CONVERSION = YES;
				GCC_WARN_ABOUT_RETURN_TYPE = YES_ERROR;
				GCC_WARN_UNDECLARED_SELECTOR = YES;
				GCC_WARN_UNINITIALIZED_AUTOS = YES_AGGRESSIVE;
				GCC_WARN_UNUSED_FUNCTION = YES;
				GCC_WARN_UNUSED_VARIABLE = YES;
				IPHONEOS_DEPLOYMENT_TARGET = 8.3;
				MTL_ENABLE_DEBUG_INFO = YES;
				ONLY_ACTIVE_ARCH = YES;
				SDKROOT = iphoneos;
			};
			name = Debug;
		};
		CC5F94E41BE74D65007353F7 /* Release */ = {
			isa = XCBuildConfiguration;
			buildSettings = {
				ALWAYS_SEARCH_USER_PATHS = NO;
				CLANG_CXX_LANGUAGE_STANDARD = "gnu++0x";
				CLANG_CXX_LIBRARY = "libc++";
				CLANG_ENABLE_MODULES = YES;
				CLANG_ENABLE_OBJC_ARC = YES;
				CLANG_WARN_BOOL_CONVERSION = YES;
				CLANG_WARN_CONSTANT_CONVERSION = YES;
				CLANG_WARN_DIRECT_OBJC_ISA_USAGE = YES_ERROR;
				CLANG_WARN_EMPTY_BODY = YES;
				CLANG_WARN_ENUM_CONVERSION = YES;
				CLANG_WARN_INT_CONVERSION = YES;
				CLANG_WARN_OBJC_ROOT_CLASS = YES_ERROR;
				CLANG_WARN_UNREACHABLE_CODE = YES;
				CLANG_WARN__DUPLICATE_METHOD_MATCH = YES;
				"CODE_SIGN_IDENTITY[sdk=iphoneos*]" = "iPhone Developer";
				COPY_PHASE_STRIP = NO;
				DEBUG_INFORMATION_FORMAT = "dwarf-with-dsym";
				ENABLE_NS_ASSERTIONS = NO;
				ENABLE_STRICT_OBJC_MSGSEND = YES;
				GCC_C_LANGUAGE_STANDARD = gnu99;
				GCC_NO_COMMON_BLOCKS = YES;
				GCC_WARN_64_TO_32_BIT_CONVERSION = YES;
				GCC_WARN_ABOUT_RETURN_TYPE = YES_ERROR;
				GCC_WARN_UNDECLARED_SELECTOR = YES;
				GCC_WARN_UNINITIALIZED_AUTOS = YES_AGGRESSIVE;
				GCC_WARN_UNUSED_FUNCTION = YES;
				GCC_WARN_UNUSED_VARIABLE = YES;
				IPHONEOS_DEPLOYMENT_TARGET = 8.3;
				MTL_ENABLE_DEBUG_INFO = NO;
				SDKROOT = iphoneos;
				VALIDATE_PRODUCT = YES;
			};
			name = Release;
		};
		CC5F94E61BE74D65007353F7 /* Debug */ = {
			isa = XCBuildConfiguration;
			buildSettings = {
				ASSETCATALOG_COMPILER_APPICON_NAME = AppIcon;
				FRAMEWORK_SEARCH_PATHS = (
					"$(inherited)",
					"$(PROJECT_DIR)",
				);
				INFOPLIST_FILE = LoopedIn/Info.plist;
				LD_RUNPATH_SEARCH_PATHS = "$(inherited) @executable_path/Frameworks";
				PRODUCT_NAME = "$(TARGET_NAME)";
			};
			name = Debug;
		};
		CC5F94E71BE74D65007353F7 /* Release */ = {
			isa = XCBuildConfiguration;
			buildSettings = {
				ASSETCATALOG_COMPILER_APPICON_NAME = AppIcon;
				FRAMEWORK_SEARCH_PATHS = (
					"$(inherited)",
					"$(PROJECT_DIR)",
				);
				INFOPLIST_FILE = LoopedIn/Info.plist;
				LD_RUNPATH_SEARCH_PATHS = "$(inherited) @executable_path/Frameworks";
				PRODUCT_NAME = "$(TARGET_NAME)";
			};
			name = Release;
		};
		CC5F94E91BE74D65007353F7 /* Debug */ = {
			isa = XCBuildConfiguration;
			buildSettings = {
				BUNDLE_LOADER = "$(TEST_HOST)";
				FRAMEWORK_SEARCH_PATHS = (
					"$(SDKROOT)/Developer/Library/Frameworks",
					"$(inherited)",
				);
				GCC_PREPROCESSOR_DEFINITIONS = (
					"DEBUG=1",
					"$(inherited)",
				);
				INFOPLIST_FILE = LoopedInTests/Info.plist;
				LD_RUNPATH_SEARCH_PATHS = "$(inherited) @executable_path/Frameworks @loader_path/Frameworks";
				PRODUCT_NAME = "$(TARGET_NAME)";
				TEST_HOST = "$(BUILT_PRODUCTS_DIR)/LoopedIn.app/LoopedIn";
			};
			name = Debug;
		};
		CC5F94EA1BE74D65007353F7 /* Release */ = {
			isa = XCBuildConfiguration;
			buildSettings = {
				BUNDLE_LOADER = "$(TEST_HOST)";
				FRAMEWORK_SEARCH_PATHS = (
					"$(SDKROOT)/Developer/Library/Frameworks",
					"$(inherited)",
				);
				INFOPLIST_FILE = LoopedInTests/Info.plist;
				LD_RUNPATH_SEARCH_PATHS = "$(inherited) @executable_path/Frameworks @loader_path/Frameworks";
				PRODUCT_NAME = "$(TARGET_NAME)";
				TEST_HOST = "$(BUILT_PRODUCTS_DIR)/LoopedIn.app/LoopedIn";
			};
			name = Release;
		};
/* End XCBuildConfiguration section */

/* Begin XCConfigurationList section */
		CC5F94BA1BE74D65007353F7 /* Build configuration list for PBXProject "LoopedIn" */ = {
			isa = XCConfigurationList;
			buildConfigurations = (
				CC5F94E31BE74D65007353F7 /* Debug */,
				CC5F94E41BE74D65007353F7 /* Release */,
			);
			defaultConfigurationIsVisible = 0;
			defaultConfigurationName = Release;
		};
		CC5F94E51BE74D65007353F7 /* Build configuration list for PBXNativeTarget "LoopedIn" */ = {
			isa = XCConfigurationList;
			buildConfigurations = (
				CC5F94E61BE74D65007353F7 /* Debug */,
				CC5F94E71BE74D65007353F7 /* Release */,
			);
			defaultConfigurationIsVisible = 0;
			defaultConfigurationName = Release;
		};
		CC5F94E81BE74D65007353F7 /* Build configuration list for PBXNativeTarget "LoopedInTests" */ = {
			isa = XCConfigurationList;
			buildConfigurations = (
				CC5F94E91BE74D65007353F7 /* Debug */,
				CC5F94EA1BE74D65007353F7 /* Release */,
			);
			defaultConfigurationIsVisible = 0;
			defaultConfigurationName = Release;
		};
/* End XCConfigurationList section */

/* Begin XCVersionGroup section */
		CC5F94C91BE74D65007353F7 /* LoopedIn.xcdatamodeld */ = {
			isa = XCVersionGroup;
			children = (
				CC5F94CA1BE74D65007353F7 /* LoopedIn.xcdatamodel */,
			);
			currentVersion = CC5F94CA1BE74D65007353F7 /* LoopedIn.xcdatamodel */;
			path = LoopedIn.xcdatamodeld;
			sourceTree = "<group>";
			versionGroupType = wrapper.xcdatamodel;
		};
/* End XCVersionGroup section */
	};
	rootObject = CC5F94B71BE74D65007353F7 /* Project object */;
}
